
Microsoft Visual Studio Solution File, Format Version 12.00
# Visual Studio 15
VisualStudioVersion = 15.0.28307.102
MinimumVisualStudioVersion = 10.0.40219.1
Project("{FAE04EC0-301F-11D3-BF4B-00C04F79EFBC}") = "AMSIClient", "AMSIClient.csproj", "{4C398C89-C887-4781-8B0B-F519A47CAE1A}"
EndProject
Global
	GlobalSection(SolutionConfigurationPlatforms) = preSolution
		Debug|Any CPU = Debug|Any CPU
		Release|Any CPU = Release|Any CPU
	EndGlobalSection
	GlobalSection(ProjectConfigurationPlatforms) = postSolution
		{4C398C89-C887-4781-8B0B-F519A47CAE1A}.Debug|Any CPU.ActiveCfg = Debug|Any CPU
		{4C398C89-C887-4781-8B0B-F519A47CAE1A}.Debug|Any CPU.Build.0 = Debug|Any CPU
		{4C398C89-C887-4781-8B0B-F519A47CAE1A}.Release|Any CPU.ActiveCfg = Release|Any CPU
		{4C398C89-C887-4781-8B0B-F519A47CAE1A}.Release|Any CPU.Build.0 = Release|Any CPU
	EndGlobalSection
	GlobalSection(SolutionProperties) = preSolution
		HideSolutionNode = FALSE
	EndGlobalSection
	GlobalSection(ExtensibilityGlobals) = postSolution
		SolutionGuid = {F04CC96E-4EF1-4391-A591-0A1F5705984A}
	EndGlobalSection
EndGlobal
